
Microsoft Visual Studio Solution File, Format Version 12.00
# Visual Studio Version 17
VisualStudioVersion = 17.5.002.0
MinimumVisualStudioVersion = 10.0.40219.1
Project("{9A19103F-16F7-4668-BE54-9A1E7A4F7556}") = "MvcDB", "MvcDB.csproj", "{6FFF46F8-051B-4F43-8D2A-17EFB7D9A572}"
EndProject
Global
	GlobalSection(SolutionConfigurationPlatforms) = preSolution
		Debug|Any CPU = Debug|Any CPU
		Release|Any CPU = Release|Any CPU
	EndGlobalSection
	GlobalSection(ProjectConfigurationPlatforms) = postSolution
		{6FFF46F8-051B-4F43-8D2A-17EFB7D9A572}.Debug|Any CPU.ActiveCfg = Debug|Any CPU
		{6FFF46F8-051B-4F43-8D2A-17EFB7D9A572}.Debug|Any CPU.Build.0 = Debug|Any CPU
		{6FFF46F8-051B-4F43-8D2A-17EFB7D9A572}.Release|Any CPU.ActiveCfg = Release|Any CPU
		{6FFF46F8-051B-4F43-8D2A-17EFB7D9A572}.Release|Any CPU.Build.0 = Release|Any CPU
	EndGlobalSection
	GlobalSection(SolutionProperties) = preSolution
		HideSolutionNode = FALSE
	EndGlobalSection
	GlobalSection(ExtensibilityGlobals) = postSolution
		SolutionGuid = {F834A8CF-0ED0-4FD7-B141-E4DD8E1EAD27}
	EndGlobalSection
EndGlobal
