
Microsoft Visual Studio Solution File, Format Version 12.00
# Visual Studio Version 17
VisualStudioVersion = 17.7.34031.279
MinimumVisualStudioVersion = 10.0.40219.1
Project("{FAE04EC0-301F-11D3-BF4B-00C04F79EFBC}") = "projeto_mvc", "projeto_mvc.csproj", "{1ACEAE91-9D07-45B8-8E0E-B5339DE9BF3B}"
EndProject
Global
	GlobalSection(SolutionConfigurationPlatforms) = preSolution
		Debug|Any CPU = Debug|Any CPU
		Release|Any CPU = Release|Any CPU
	EndGlobalSection
	GlobalSection(ProjectConfigurationPlatforms) = postSolution
		{1ACEAE91-9D07-45B8-8E0E-B5339DE9BF3B}.Debug|Any CPU.ActiveCfg = Debug|Any CPU
		{1ACEAE91-9D07-45B8-8E0E-B5339DE9BF3B}.Debug|Any CPU.Build.0 = Debug|Any CPU
		{1ACEAE91-9D07-45B8-8E0E-B5339DE9BF3B}.Release|Any CPU.ActiveCfg = Release|Any CPU
		{1ACEAE91-9D07-45B8-8E0E-B5339DE9BF3B}.Release|Any CPU.Build.0 = Release|Any CPU
	EndGlobalSection
	GlobalSection(SolutionProperties) = preSolution
		HideSolutionNode = FALSE
	EndGlobalSection
	GlobalSection(ExtensibilityGlobals) = postSolution
		SolutionGuid = {836C2AD5-4169-418A-9787-EE68E88C31E3}
	EndGlobalSection
EndGlobal
